<?xml version="1.0" encoding="utf-8"?>
<Project ToolsVersion="4.0" xmlns="http://schemas.microsoft.com/developer/msbuild/2003">
  <ItemGroup>
    <ClCompile Include="src\main.cpp" />
    <ClCompile Include="src\testApp.cpp" />
    <ClCompile Include="..\..\ofxCv\libs\ofxCv\src\Calibration.cpp">
      <Filter>ofxCv</Filter>
    </ClCompile>
    <ClCompile Include="..\..\ofxCv\libs\ofxCv\src\ContourFinder.cpp">
      <Filter>ofxCv</Filter>
    </ClCompile>
    <ClCompile Include="..\..\ofxCv\libs\ofxCv\src\Distance.cpp">
      <Filter>ofxCv</Filter>
    </ClCompile>
    <ClCompile Include="..\..\ofxCv\libs\ofxCv\src\Flow.cpp">
      <Filter>ofxCv</Filter>
    </ClCompile>
    <ClCompile Include="..\..\ofxCv\libs\ofxCv\src\Helpers.cpp">
      <Filter>ofxCv</Filter>
    </ClCompile>
    <ClCompile Include="..\..\ofxCv\libs\ofxCv\src\Kalman.cpp">
      <Filter>ofxCv</Filter>
    </ClCompile>
    <ClCompile Include="..\..\ofxCv\libs\ofxCv\src\ObjectFinder.cpp">
      <Filter>ofxCv</Filter>
    </ClCompile>
    <ClCompile Include="..\..\ofxCv\libs\ofxCv\src\RunningBackground.cpp">
      <Filter>ofxCv</Filter>
    </ClCompile>
    <ClCompile Include="..\..\ofxCv\libs\ofxCv\src\Tracker.cpp">
      <Filter>ofxCv</Filter>
    </ClCompile>
    <ClCompile Include="..\..\ofxCv\libs\ofxCv\src\Utilities.cpp">
      <Filter>ofxCv</Filter>
    </ClCompile>
    <ClCompile Include="..\..\ofxCv\libs\ofxCv\src\Wrappers.cpp">
      <Filter>ofxCv</Filter>
    </ClCompile>
    <ClCompile Include="..\..\ofxCv\libs\CLD\src\ETF.cpp">
      <Filter>ofxCv\CLD</Filter>
    </ClCompile>
    <ClCompile Include="..\..\ofxCv\libs\CLD\src\fdog.cpp">
      <Filter>ofxCv\CLD</Filter>
    </ClCompile>
    <ClCompile Include="..\..\ofxKinectV2\src\ofxKinectCommonBridge.cpp">
      <Filter>ofxKinectV2</Filter>
    </ClCompile>
  </ItemGroup>
  <ItemGroup>
    <ClInclude Include="src\testApp.h" />
    <ClInclude Include="..\..\ofxCv\src\ofxCv.h">
      <Filter>ofxCv</Filter>
    </ClInclude>
    <ClInclude Include="..\..\ofxCv\libs\ofxCv\include\ofxCv\Calibration.h">
      <Filter>ofxCv</Filter>
    </ClInclude>
    <ClInclude Include="..\..\ofxCv\libs\ofxCv\include\ofxCv\ContourFinder.h">
      <Filter>ofxCv</Filter>
    </ClInclude>
    <ClInclude Include="..\..\ofxCv\libs\ofxCv\include\ofxCv\Distance.h">
      <Filter>ofxCv</Filter>
    </ClInclude>
    <ClInclude Include="..\..\ofxCv\libs\ofxCv\include\ofxCv\Flow.h">
      <Filter>ofxCv</Filter>
    </ClInclude>
    <ClInclude Include="..\..\ofxCv\libs\ofxCv\include\ofxCv\Helpers.h">
      <Filter>ofxCv</Filter>
    </ClInclude>
    <ClInclude Include="..\..\ofxCv\libs\ofxCv\include\ofxCv\Kalman.h">
      <Filter>ofxCv</Filter>
    </ClInclude>
    <ClInclude Include="..\..\ofxCv\libs\ofxCv\include\ofxCv\ObjectFinder.h">
      <Filter>ofxCv</Filter>
    </ClInclude>
    <ClInclude Include="..\..\ofxCv\libs\ofxCv\include\ofxCv\RunningBackground.h">
      <Filter>ofxCv</Filter>
    </ClInclude>
    <ClInclude Include="..\..\ofxCv\libs\ofxCv\include\ofxCv\Tracker.h">
      <Filter>ofxCv</Filter>
    </ClInclude>
    <ClInclude Include="..\..\ofxCv\libs\ofxCv\include\ofxCv\Utilities.h">
      <Filter>ofxCv</Filter>
    </ClInclude>
    <ClInclude Include="..\..\ofxCv\libs\ofxCv\include\ofxCv\Wrappers.h">
      <Filter>ofxCv</Filter>
    </ClInclude>
    <ClInclude Include="..\..\ofxCv\libs\CLD\include\CLD\ETF.h">
      <Filter>ofxCv\CLD</Filter>
    </ClInclude>
    <ClInclude Include="..\..\ofxCv\libs\CLD\include\CLD\fdog.h">
      <Filter>ofxCv\CLD</Filter>
    </ClInclude>
    <ClInclude Include="..\..\ofxCv\libs\CLD\include\CLD\imatrix.h">
      <Filter>ofxCv\CLD</Filter>
    </ClInclude>
    <ClInclude Include="..\..\ofxCv\libs\CLD\include\CLD\myvec.h">
      <Filter>ofxCv\CLD</Filter>
    </ClInclude>
    <ClInclude Include="..\..\ofxKinectV2\src\ofxKinectCommonBridge.h">
      <Filter>ofxKinectV2</Filter>
    </ClInclude>
  </ItemGroup>
  <ItemGroup>
    <ResourceCompile Include="icon.rc" />
  </ItemGroup>
  <ItemGroup>
    <Filter Include="ofxCv">
      <UniqueIdentifier>{215afbc2-c4e3-4c31-ab47-18a74601a22c}</UniqueIdentifier>
    </Filter>
    <Filter Include="ofxCv\CLD">
      <UniqueIdentifier>{4bab8ff8-7643-4cf8-8325-c8869d06d1f2}</UniqueIdentifier>
    </Filter>
    <Filter Include="ofxKinectV2">
      <UniqueIdentifier>{09549203-4371-4a23-bf8e-30ec02aeacb3}</UniqueIdentifier>
    </Filter>
  </ItemGroup>
</Project>